
Microsoft Visual Studio Solution File, Format Version 12.00
# Visual Studio Version 17
VisualStudioVersion = 17.0.32014.148
MinimumVisualStudioVersion = 10.0.40219.1
Project("{9A19103F-16F7-4668-BE54-9A1E7A4F7556}") = "Skolplattformen.Client", "Skolplattformen.Client\Skolplattformen.Client.csproj", "{259984EA-C5CA-430D-93C1-7BFE4719AB05}"
EndProject
Project("{FAE04EC0-301F-11D3-BF4B-00C04F79EFBC}") = "Skolplattformen.Client.Tests", "Skolplattformen.Client.Tests\Skolplattformen.Client.Tests.csproj", "{22161D15-12F8-403D-BB12-60E12DC2AC87}"
EndProject
Global
	GlobalSection(SolutionConfigurationPlatforms) = preSolution
		Debug|Any CPU = Debug|Any CPU
		Release|Any CPU = Release|Any CPU
	EndGlobalSection
	GlobalSection(ProjectConfigurationPlatforms) = postSolution
		{259984EA-C5CA-430D-93C1-7BFE4719AB05}.Debug|Any CPU.ActiveCfg = Debug|Any CPU
		{259984EA-C5CA-430D-93C1-7BFE4719AB05}.Debug|Any CPU.Build.0 = Debug|Any CPU
		{259984EA-C5CA-430D-93C1-7BFE4719AB05}.Release|Any CPU.ActiveCfg = Release|Any CPU
		{259984EA-C5CA-430D-93C1-7BFE4719AB05}.Release|Any CPU.Build.0 = Release|Any CPU
		{22161D15-12F8-403D-BB12-60E12DC2AC87}.Debug|Any CPU.ActiveCfg = Debug|Any CPU
		{22161D15-12F8-403D-BB12-60E12DC2AC87}.Debug|Any CPU.Build.0 = Debug|Any CPU
		{22161D15-12F8-403D-BB12-60E12DC2AC87}.Release|Any CPU.ActiveCfg = Release|Any CPU
		{22161D15-12F8-403D-BB12-60E12DC2AC87}.Release|Any CPU.Build.0 = Release|Any CPU
	EndGlobalSection
	GlobalSection(SolutionProperties) = preSolution
		HideSolutionNode = FALSE
	EndGlobalSection
	GlobalSection(ExtensibilityGlobals) = postSolution
		SolutionGuid = {9E089677-7592-4DA3-BF08-6341A5289192}
	EndGlobalSection
EndGlobal
